{
  "version": 4,
  "terraform_version": "0.14.6",
  "serial": 17,
  "lineage": "f0a8a71d-d73b-cef2-95ba-5a0669cb82c4",
  "outputs": {},
  "resources": [
    {
      "module": "module.compu",
      "mode": "managed",
      "type": "azurerm_linux_virtual_machine",
      "name": "myterraformvm",
      "provider": "provider[\"registry.terraform.io/hashicorp/azurerm\"]",
      "instances": [
        {
          "index_key": 0,
          "schema_version": 0,
          "attributes": {
            "additional_capabilities": [],
            "admin_password": null,
            "admin_ssh_key": [
              {
                "public_key": "ssh-rsa AAAAB3NzaC1yc2EAAAADAQABAAACAQDKSw6C6n3xcSgrRnxzIBXEx0LMHigvGmM0y9CM44GuvFyt3bFKkYxgmadKY/XaqpKfRrly58WmR4Z1stGYf5/uYGNr2gPWei9L2GcGRiyj1Rq9cJbM3HMFn0UTQ0jCjyx9mY7MF42nJvwCYks4205i37U9o04Pov0DOU73PQ5JM4KdoNJus/2X0Khumst0K9WaRtka98XdCNRhuQPK8gE9JM9QtGtuSVDluOfFYMLI79R6QqlJP4Q25+FSTq84+XroEb59ECS19CDIGCZs/zz2ow6RJlBf3rB77yiakGEfiGRAvt9ymTfQX0NyVroEV2SPZIxLi+AOX7rGfR3Jvh0PBhpNV9tnHUQLv5RS2rt00wRJIR0KxqEHsbZL0jEzzSXESYVib8KHTmodWIZFcvQba7DD2yoDustLJvE88m5B2x1H/2f1RgXX0CbTAmu94/vJ9KNLA73dvAP/auiwgwsomoOvNuk9KjVioT9Z8kFlIldQB6VyJBgdHplaBhW8qZpqcZ0mwxDkIMcG5kE8Zsr3SZ3OWSxq3cLNbw4L1Q5wDGut2ciD0MlA4IgZq2n6DQb88wCF/rmoDKk9LMdecO95OEBjLgfANKo6ZbskLPVwRdEJDO8sk5q0dcmSSC6m7FTwtXOyTCJVx8lRQCzxNtDkuBvhLj6391tzi8GeMqRNsw== jenkins@mtadmin123\n",
                "username": "azureuser"
              }
            ],
            "admin_username": "azureuser",
            "allow_extension_operations": true,
            "availability_set_id": "",
            "boot_diagnostics": [],
            "computer_name": "dev301vm0",
            "custom_data": null,
            "dedicated_host_id": "",
            "disable_password_authentication": true,
            "encryption_at_host_enabled": false,
            "eviction_policy": "",
            "extensions_time_budget": "PT1H30M",
            "id": "/subscriptions/b56ee54e-875d-44a4-a2d6-35888803e9e2/resourceGroups/dev301/providers/Microsoft.Compute/virtualMachines/dev301vm_0",
            "identity": [],
            "location": "centralindia",
            "max_bid_price": -1,
            "name": "dev301vm_0",
            "network_interface_ids": [
              "/subscriptions/b56ee54e-875d-44a4-a2d6-35888803e9e2/resourceGroups/dev301/providers/Microsoft.Network/networkInterfaces/dev301_nic0"
            ],
            "os_disk": [
              {
                "caching": "ReadWrite",
                "diff_disk_settings": [],
                "disk_encryption_set_id": "",
                "disk_size_gb": 29,
                "name": "dev_0",
                "storage_account_type": "Premium_LRS",
                "write_accelerator_enabled": false
              }
            ],
            "plan": [],
            "priority": "Regular",
            "private_ip_address": "192.168.1.5",
            "private_ip_addresses": [
              "192.168.1.5"
            ],
            "provision_vm_agent": true,
            "proximity_placement_group_id": "",
            "public_ip_address": "52.172.250.153",
            "public_ip_addresses": [
              "52.172.250.153"
            ],
            "resource_group_name": "dev301",
            "secret": [],
            "size": "Standard_B1s",
            "source_image_id": "",
            "source_image_reference": [
              {
                "offer": "UbuntuServer",
                "publisher": "Canonical",
                "sku": "16.04-LTS",
                "version": "16.04.201611220"
              }
            ],
            "tags": null,
            "timeouts": null,
            "virtual_machine_id": "1ff4d60f-6147-4456-97a8-377b448d4604",
            "virtual_machine_scale_set_id": "",
            "zone": ""
          },
          "sensitive_attributes": [],
          "private": "eyJlMmJmYjczMC1lY2FhLTExZTYtOGY4OC0zNDM2M2JjN2M0YzAiOnsiY3JlYXRlIjoyNzAwMDAwMDAwMDAwLCJkZWxldGUiOjI3MDAwMDAwMDAwMDAsInJlYWQiOjMwMDAwMDAwMDAwMCwidXBkYXRlIjoyNzAwMDAwMDAwMDAwfX0=",
          "dependencies": [
            "module.net.azurerm_network_interface.my_nic",
            "module.net.azurerm_public_ip.my_public_ip",
            "module.net.azurerm_resource_group.my_rg",
            "module.net.azurerm_subnet.my_vpc_subnet",
            "module.net.azurerm_virtual_network.my_vpc"
          ]
        },
        {
          "index_key": 1,
          "schema_version": 0,
          "attributes": {
            "additional_capabilities": [],
            "admin_password": null,
            "admin_ssh_key": [
              {
                "public_key": "ssh-rsa AAAAB3NzaC1yc2EAAAADAQABAAACAQDKSw6C6n3xcSgrRnxzIBXEx0LMHigvGmM0y9CM44GuvFyt3bFKkYxgmadKY/XaqpKfRrly58WmR4Z1stGYf5/uYGNr2gPWei9L2GcGRiyj1Rq9cJbM3HMFn0UTQ0jCjyx9mY7MF42nJvwCYks4205i37U9o04Pov0DOU73PQ5JM4KdoNJus/2X0Khumst0K9WaRtka98XdCNRhuQPK8gE9JM9QtGtuSVDluOfFYMLI79R6QqlJP4Q25+FSTq84+XroEb59ECS19CDIGCZs/zz2ow6RJlBf3rB77yiakGEfiGRAvt9ymTfQX0NyVroEV2SPZIxLi+AOX7rGfR3Jvh0PBhpNV9tnHUQLv5RS2rt00wRJIR0KxqEHsbZL0jEzzSXESYVib8KHTmodWIZFcvQba7DD2yoDustLJvE88m5B2x1H/2f1RgXX0CbTAmu94/vJ9KNLA73dvAP/auiwgwsomoOvNuk9KjVioT9Z8kFlIldQB6VyJBgdHplaBhW8qZpqcZ0mwxDkIMcG5kE8Zsr3SZ3OWSxq3cLNbw4L1Q5wDGut2ciD0MlA4IgZq2n6DQb88wCF/rmoDKk9LMdecO95OEBjLgfANKo6ZbskLPVwRdEJDO8sk5q0dcmSSC6m7FTwtXOyTCJVx8lRQCzxNtDkuBvhLj6391tzi8GeMqRNsw== jenkins@mtadmin123\n",
                "username": "azureuser"
              }
            ],
            "admin_username": "azureuser",
            "allow_extension_operations": true,
            "availability_set_id": "",
            "boot_diagnostics": [],
            "computer_name": "dev301vm1",
            "custom_data": null,
            "dedicated_host_id": "",
            "disable_password_authentication": true,
            "encryption_at_host_enabled": false,
            "eviction_policy": "",
            "extensions_time_budget": "PT1H30M",
            "id": "/subscriptions/b56ee54e-875d-44a4-a2d6-35888803e9e2/resourceGroups/dev301/providers/Microsoft.Compute/virtualMachines/dev301vm_1",
            "identity": [],
            "location": "centralindia",
            "max_bid_price": -1,
            "name": "dev301vm_1",
            "network_interface_ids": [
              "/subscriptions/b56ee54e-875d-44a4-a2d6-35888803e9e2/resourceGroups/dev301/providers/Microsoft.Network/networkInterfaces/dev301_nic1"
            ],
            "os_disk": [
              {
                "caching": "ReadWrite",
                "diff_disk_settings": [],
                "disk_encryption_set_id": "",
                "disk_size_gb": 29,
                "name": "dev_1",
                "storage_account_type": "Premium_LRS",
                "write_accelerator_enabled": false
              }
            ],
            "plan": [],
            "priority": "Regular",
            "private_ip_address": "192.168.1.4",
            "private_ip_addresses": [
              "192.168.1.4"
            ],
            "provision_vm_agent": true,
            "proximity_placement_group_id": "",
            "public_ip_address": "52.172.248.223",
            "public_ip_addresses": [
              "52.172.248.223"
            ],
            "resource_group_name": "dev301",
            "secret": [],
            "size": "Standard_B1s",
            "source_image_id": "",
            "source_image_reference": [
              {
                "offer": "UbuntuServer",
                "publisher": "Canonical",
                "sku": "16.04-LTS",
                "version": "16.04.201611220"
              }
            ],
            "tags": null,
            "timeouts": null,
            "virtual_machine_id": "2832ecd5-838e-41ea-9893-9cb51153cdf3",
            "virtual_machine_scale_set_id": "",
            "zone": ""
          },
          "sensitive_attributes": [],
          "private": "eyJlMmJmYjczMC1lY2FhLTExZTYtOGY4OC0zNDM2M2JjN2M0YzAiOnsiY3JlYXRlIjoyNzAwMDAwMDAwMDAwLCJkZWxldGUiOjI3MDAwMDAwMDAwMDAsInJlYWQiOjMwMDAwMDAwMDAwMCwidXBkYXRlIjoyNzAwMDAwMDAwMDAwfX0=",
          "dependencies": [
            "module.net.azurerm_network_interface.my_nic",
            "module.net.azurerm_public_ip.my_public_ip",
            "module.net.azurerm_resource_group.my_rg",
            "module.net.azurerm_subnet.my_vpc_subnet",
            "module.net.azurerm_virtual_network.my_vpc"
          ]
        }
      ]
    },
    {
      "module": "module.compu",
      "mode": "managed",
      "type": "null_resource",
      "name": "my_servers",
      "provider": "provider[\"registry.terraform.io/hashicorp/null\"]",
      "instances": [
        {
          "schema_version": 0,
          "attributes": {
            "id": "4991360710571527444",
            "triggers": null
          },
          "sensitive_attributes": [],
          "private": "bnVsbA==",
          "dependencies": [
            "module.compu.azurerm_linux_virtual_machine.myterraformvm",
            "module.net.azurerm_network_interface.my_nic",
            "module.net.azurerm_public_ip.my_public_ip",
            "module.net.azurerm_resource_group.my_rg",
            "module.net.azurerm_subnet.my_vpc_subnet",
            "module.net.azurerm_virtual_network.my_vpc"
          ]
        }
      ]
    },
    {
      "module": "module.net",
      "mode": "managed",
      "type": "azurerm_network_interface",
      "name": "my_nic",
      "provider": "provider[\"registry.terraform.io/hashicorp/azurerm\"]",
      "instances": [
        {
          "index_key": 0,
          "schema_version": 0,
          "attributes": {
            "applied_dns_servers": [],
            "dns_servers": [],
            "enable_accelerated_networking": false,
            "enable_ip_forwarding": false,
            "id": "/subscriptions/b56ee54e-875d-44a4-a2d6-35888803e9e2/resourceGroups/dev301/providers/Microsoft.Network/networkInterfaces/dev301_nic0",
            "internal_dns_name_label": "",
            "internal_domain_name_suffix": "ddfx1ik1hdxetnfjwp4n4wjtjf.rx.internal.cloudapp.net",
            "ip_configuration": [
              {
                "name": "nic_configuration_0_nicc",
                "primary": true,
                "private_ip_address": "192.168.1.5",
                "private_ip_address_allocation": "Dynamic",
                "private_ip_address_version": "IPv4",
                "public_ip_address_id": "/subscriptions/b56ee54e-875d-44a4-a2d6-35888803e9e2/resourceGroups/dev301/providers/Microsoft.Network/publicIPAddresses/dev301_pub_ip0",
                "subnet_id": "/subscriptions/b56ee54e-875d-44a4-a2d6-35888803e9e2/resourceGroups/dev301/providers/Microsoft.Network/virtualNetworks/dev301_vpc/subnets/dev301_subnet"
              }
            ],
            "location": "centralindia",
            "mac_address": "",
            "name": "dev301_nic0",
            "private_ip_address": "192.168.1.5",
            "private_ip_addresses": [
              "192.168.1.5"
            ],
            "resource_group_name": "dev301",
            "tags": null,
            "timeouts": null,
            "virtual_machine_id": ""
          },
          "sensitive_attributes": [],
          "private": "eyJlMmJmYjczMC1lY2FhLTExZTYtOGY4OC0zNDM2M2JjN2M0YzAiOnsiY3JlYXRlIjoxODAwMDAwMDAwMDAwLCJkZWxldGUiOjE4MDAwMDAwMDAwMDAsInJlYWQiOjMwMDAwMDAwMDAwMCwidXBkYXRlIjoxODAwMDAwMDAwMDAwfX0=",
          "dependencies": [
            "module.net.azurerm_public_ip.my_public_ip",
            "module.net.azurerm_resource_group.my_rg",
            "module.net.azurerm_subnet.my_vpc_subnet",
            "module.net.azurerm_virtual_network.my_vpc"
          ]
        },
        {
          "index_key": 1,
          "schema_version": 0,
          "attributes": {
            "applied_dns_servers": [],
            "dns_servers": [],
            "enable_accelerated_networking": false,
            "enable_ip_forwarding": false,
            "id": "/subscriptions/b56ee54e-875d-44a4-a2d6-35888803e9e2/resourceGroups/dev301/providers/Microsoft.Network/networkInterfaces/dev301_nic1",
            "internal_dns_name_label": "",
            "internal_domain_name_suffix": "ddfx1ik1hdxetnfjwp4n4wjtjf.rx.internal.cloudapp.net",
            "ip_configuration": [
              {
                "name": "nic_configuration_1_nicc",
                "primary": true,
                "private_ip_address": "192.168.1.4",
                "private_ip_address_allocation": "Dynamic",
                "private_ip_address_version": "IPv4",
                "public_ip_address_id": "/subscriptions/b56ee54e-875d-44a4-a2d6-35888803e9e2/resourceGroups/dev301/providers/Microsoft.Network/publicIPAddresses/dev301_pub_ip1",
                "subnet_id": "/subscriptions/b56ee54e-875d-44a4-a2d6-35888803e9e2/resourceGroups/dev301/providers/Microsoft.Network/virtualNetworks/dev301_vpc/subnets/dev301_subnet"
              }
            ],
            "location": "centralindia",
            "mac_address": "",
            "name": "dev301_nic1",
            "private_ip_address": "192.168.1.4",
            "private_ip_addresses": [
              "192.168.1.4"
            ],
            "resource_group_name": "dev301",
            "tags": null,
            "timeouts": null,
            "virtual_machine_id": ""
          },
          "sensitive_attributes": [],
          "private": "eyJlMmJmYjczMC1lY2FhLTExZTYtOGY4OC0zNDM2M2JjN2M0YzAiOnsiY3JlYXRlIjoxODAwMDAwMDAwMDAwLCJkZWxldGUiOjE4MDAwMDAwMDAwMDAsInJlYWQiOjMwMDAwMDAwMDAwMCwidXBkYXRlIjoxODAwMDAwMDAwMDAwfX0=",
          "dependencies": [
            "module.net.azurerm_public_ip.my_public_ip",
            "module.net.azurerm_resource_group.my_rg",
            "module.net.azurerm_subnet.my_vpc_subnet",
            "module.net.azurerm_virtual_network.my_vpc"
          ]
        }
      ]
    },
    {
      "module": "module.net",
      "mode": "managed",
      "type": "azurerm_network_interface_security_group_association",
      "name": "my_nic_sg",
      "provider": "provider[\"registry.terraform.io/hashicorp/azurerm\"]",
      "instances": [
        {
          "index_key": 0,
          "schema_version": 0,
          "attributes": {
            "id": "/subscriptions/b56ee54e-875d-44a4-a2d6-35888803e9e2/resourceGroups/dev301/providers/Microsoft.Network/networkInterfaces/dev301_nic0|/subscriptions/b56ee54e-875d-44a4-a2d6-35888803e9e2/resourceGroups/dev301/providers/Microsoft.Network/networkSecurityGroups/dev301_nsg",
            "network_interface_id": "/subscriptions/b56ee54e-875d-44a4-a2d6-35888803e9e2/resourceGroups/dev301/providers/Microsoft.Network/networkInterfaces/dev301_nic0",
            "network_security_group_id": "/subscriptions/b56ee54e-875d-44a4-a2d6-35888803e9e2/resourceGroups/dev301/providers/Microsoft.Network/networkSecurityGroups/dev301_nsg",
            "timeouts": null
          },
          "sensitive_attributes": [],
          "private": "eyJlMmJmYjczMC1lY2FhLTExZTYtOGY4OC0zNDM2M2JjN2M0YzAiOnsiY3JlYXRlIjoxODAwMDAwMDAwMDAwLCJkZWxldGUiOjE4MDAwMDAwMDAwMDAsInJlYWQiOjMwMDAwMDAwMDAwMCwidXBkYXRlIjoxODAwMDAwMDAwMDAwfX0=",
          "dependencies": [
            "module.net.azurerm_network_interface.my_nic",
            "module.net.azurerm_network_security_group.my_nsg",
            "module.net.azurerm_public_ip.my_public_ip",
            "module.net.azurerm_resource_group.my_rg",
            "module.net.azurerm_subnet.my_vpc_subnet",
            "module.net.azurerm_virtual_network.my_vpc"
          ]
        },
        {
          "index_key": 1,
          "schema_version": 0,
          "attributes": {
            "id": "/subscriptions/b56ee54e-875d-44a4-a2d6-35888803e9e2/resourceGroups/dev301/providers/Microsoft.Network/networkInterfaces/dev301_nic1|/subscriptions/b56ee54e-875d-44a4-a2d6-35888803e9e2/resourceGroups/dev301/providers/Microsoft.Network/networkSecurityGroups/dev301_nsg",
            "network_interface_id": "/subscriptions/b56ee54e-875d-44a4-a2d6-35888803e9e2/resourceGroups/dev301/providers/Microsoft.Network/networkInterfaces/dev301_nic1",
            "network_security_group_id": "/subscriptions/b56ee54e-875d-44a4-a2d6-35888803e9e2/resourceGroups/dev301/providers/Microsoft.Network/networkSecurityGroups/dev301_nsg",
            "timeouts": null
          },
          "sensitive_attributes": [],
          "private": "eyJlMmJmYjczMC1lY2FhLTExZTYtOGY4OC0zNDM2M2JjN2M0YzAiOnsiY3JlYXRlIjoxODAwMDAwMDAwMDAwLCJkZWxldGUiOjE4MDAwMDAwMDAwMDAsInJlYWQiOjMwMDAwMDAwMDAwMCwidXBkYXRlIjoxODAwMDAwMDAwMDAwfX0=",
          "dependencies": [
            "module.net.azurerm_network_interface.my_nic",
            "module.net.azurerm_network_security_group.my_nsg",
            "module.net.azurerm_public_ip.my_public_ip",
            "module.net.azurerm_resource_group.my_rg",
            "module.net.azurerm_subnet.my_vpc_subnet",
            "module.net.azurerm_virtual_network.my_vpc"
          ]
        }
      ]
    },
    {
      "module": "module.net",
      "mode": "managed",
      "type": "azurerm_network_security_group",
      "name": "my_nsg",
      "provider": "provider[\"registry.terraform.io/hashicorp/azurerm\"]",
      "instances": [
        {
          "schema_version": 0,
          "attributes": {
            "id": "/subscriptions/b56ee54e-875d-44a4-a2d6-35888803e9e2/resourceGroups/dev301/providers/Microsoft.Network/networkSecurityGroups/dev301_nsg",
            "location": "centralindia",
            "name": "dev301_nsg",
            "resource_group_name": "dev301",
            "security_rule": [],
            "tags": null,
            "timeouts": null
          },
          "sensitive_attributes": [],
          "private": "eyJlMmJmYjczMC1lY2FhLTExZTYtOGY4OC0zNDM2M2JjN2M0YzAiOnsiY3JlYXRlIjoxODAwMDAwMDAwMDAwLCJkZWxldGUiOjE4MDAwMDAwMDAwMDAsInJlYWQiOjMwMDAwMDAwMDAwMCwidXBkYXRlIjoxODAwMDAwMDAwMDAwfX0=",
          "dependencies": [
            "module.net.azurerm_resource_group.my_rg"
          ]
        }
      ]
    },
    {
      "module": "module.net",
      "mode": "managed",
      "type": "azurerm_network_security_rule",
      "name": "my_security_rules",
      "provider": "provider[\"registry.terraform.io/hashicorp/azurerm\"]",
      "instances": [
        {
          "index_key": 0,
          "schema_version": 0,
          "attributes": {
            "access": "Allow",
            "description": "",
            "destination_address_prefix": "*",
            "destination_address_prefixes": null,
            "destination_application_security_group_ids": null,
            "destination_port_range": "22",
            "destination_port_ranges": null,
            "direction": "Inbound",
            "id": "/subscriptions/b56ee54e-875d-44a4-a2d6-35888803e9e2/resourceGroups/dev301/providers/Microsoft.Network/networkSecurityGroups/dev301_nsg/securityRules/Allowed_Port0",
            "name": "Allowed_Port0",
            "network_security_group_name": "dev301_nsg",
            "priority": 100,
            "protocol": "Tcp",
            "resource_group_name": "dev301",
            "source_address_prefix": "*",
            "source_address_prefixes": null,
            "source_application_security_group_ids": null,
            "source_port_range": "*",
            "source_port_ranges": null,
            "timeouts": null
          },
          "sensitive_attributes": [],
          "private": "eyJlMmJmYjczMC1lY2FhLTExZTYtOGY4OC0zNDM2M2JjN2M0YzAiOnsiY3JlYXRlIjoxODAwMDAwMDAwMDAwLCJkZWxldGUiOjE4MDAwMDAwMDAwMDAsInJlYWQiOjMwMDAwMDAwMDAwMCwidXBkYXRlIjoxODAwMDAwMDAwMDAwfX0=",
          "dependencies": [
            "module.net.azurerm_network_security_group.my_nsg",
            "module.net.azurerm_resource_group.my_rg"
          ]
        },
        {
          "index_key": 1,
          "schema_version": 0,
          "attributes": {
            "access": "Allow",
            "description": "",
            "destination_address_prefix": "*",
            "destination_address_prefixes": null,
            "destination_application_security_group_ids": null,
            "destination_port_range": "80",
            "destination_port_ranges": null,
            "direction": "Inbound",
            "id": "/subscriptions/b56ee54e-875d-44a4-a2d6-35888803e9e2/resourceGroups/dev301/providers/Microsoft.Network/networkSecurityGroups/dev301_nsg/securityRules/Allowed_Port1",
            "name": "Allowed_Port1",
            "network_security_group_name": "dev301_nsg",
            "priority": 101,
            "protocol": "Tcp",
            "resource_group_name": "dev301",
            "source_address_prefix": "*",
            "source_address_prefixes": null,
            "source_application_security_group_ids": null,
            "source_port_range": "*",
            "source_port_ranges": null,
            "timeouts": null
          },
          "sensitive_attributes": [],
          "private": "eyJlMmJmYjczMC1lY2FhLTExZTYtOGY4OC0zNDM2M2JjN2M0YzAiOnsiY3JlYXRlIjoxODAwMDAwMDAwMDAwLCJkZWxldGUiOjE4MDAwMDAwMDAwMDAsInJlYWQiOjMwMDAwMDAwMDAwMCwidXBkYXRlIjoxODAwMDAwMDAwMDAwfX0=",
          "dependencies": [
            "module.net.azurerm_network_security_group.my_nsg",
            "module.net.azurerm_resource_group.my_rg"
          ]
        },
        {
          "index_key": 2,
          "schema_version": 0,
          "attributes": {
            "access": "Allow",
            "description": "",
            "destination_address_prefix": "*",
            "destination_address_prefixes": null,
            "destination_application_security_group_ids": null,
            "destination_port_range": "8080",
            "destination_port_ranges": null,
            "direction": "Inbound",
            "id": "/subscriptions/b56ee54e-875d-44a4-a2d6-35888803e9e2/resourceGroups/dev301/providers/Microsoft.Network/networkSecurityGroups/dev301_nsg/securityRules/Allowed_Port2",
            "name": "Allowed_Port2",
            "network_security_group_name": "dev301_nsg",
            "priority": 102,
            "protocol": "Tcp",
            "resource_group_name": "dev301",
            "source_address_prefix": "*",
            "source_address_prefixes": null,
            "source_application_security_group_ids": null,
            "source_port_range": "*",
            "source_port_ranges": null,
            "timeouts": null
          },
          "sensitive_attributes": [],
          "private": "eyJlMmJmYjczMC1lY2FhLTExZTYtOGY4OC0zNDM2M2JjN2M0YzAiOnsiY3JlYXRlIjoxODAwMDAwMDAwMDAwLCJkZWxldGUiOjE4MDAwMDAwMDAwMDAsInJlYWQiOjMwMDAwMDAwMDAwMCwidXBkYXRlIjoxODAwMDAwMDAwMDAwfX0=",
          "dependencies": [
            "module.net.azurerm_network_security_group.my_nsg",
            "module.net.azurerm_resource_group.my_rg"
          ]
        }
      ]
    },
    {
      "module": "module.net",
      "mode": "managed",
      "type": "azurerm_public_ip",
      "name": "my_public_ip",
      "provider": "provider[\"registry.terraform.io/hashicorp/azurerm\"]",
      "instances": [
        {
          "index_key": 0,
          "schema_version": 0,
          "attributes": {
            "allocation_method": "Dynamic",
            "domain_name_label": null,
            "fqdn": null,
            "id": "/subscriptions/b56ee54e-875d-44a4-a2d6-35888803e9e2/resourceGroups/dev301/providers/Microsoft.Network/publicIPAddresses/dev301_pub_ip0",
            "idle_timeout_in_minutes": 4,
            "ip_address": "",
            "ip_version": "IPv4",
            "location": "centralindia",
            "name": "dev301_pub_ip0",
            "public_ip_prefix_id": null,
            "resource_group_name": "dev301",
            "reverse_fqdn": null,
            "sku": "Basic",
            "tags": null,
            "timeouts": null,
            "zones": null
          },
          "sensitive_attributes": [],
          "private": "eyJlMmJmYjczMC1lY2FhLTExZTYtOGY4OC0zNDM2M2JjN2M0YzAiOnsiY3JlYXRlIjoxODAwMDAwMDAwMDAwLCJkZWxldGUiOjE4MDAwMDAwMDAwMDAsInJlYWQiOjMwMDAwMDAwMDAwMCwidXBkYXRlIjoxODAwMDAwMDAwMDAwfX0=",
          "dependencies": [
            "module.net.azurerm_resource_group.my_rg"
          ]
        },
        {
          "index_key": 1,
          "schema_version": 0,
          "attributes": {
            "allocation_method": "Dynamic",
            "domain_name_label": null,
            "fqdn": null,
            "id": "/subscriptions/b56ee54e-875d-44a4-a2d6-35888803e9e2/resourceGroups/dev301/providers/Microsoft.Network/publicIPAddresses/dev301_pub_ip1",
            "idle_timeout_in_minutes": 4,
            "ip_address": "",
            "ip_version": "IPv4",
            "location": "centralindia",
            "name": "dev301_pub_ip1",
            "public_ip_prefix_id": null,
            "resource_group_name": "dev301",
            "reverse_fqdn": null,
            "sku": "Basic",
            "tags": null,
            "timeouts": null,
            "zones": null
          },
          "sensitive_attributes": [],
          "private": "eyJlMmJmYjczMC1lY2FhLTExZTYtOGY4OC0zNDM2M2JjN2M0YzAiOnsiY3JlYXRlIjoxODAwMDAwMDAwMDAwLCJkZWxldGUiOjE4MDAwMDAwMDAwMDAsInJlYWQiOjMwMDAwMDAwMDAwMCwidXBkYXRlIjoxODAwMDAwMDAwMDAwfX0=",
          "dependencies": [
            "module.net.azurerm_resource_group.my_rg"
          ]
        }
      ]
    },
    {
      "module": "module.net",
      "mode": "managed",
      "type": "azurerm_resource_group",
      "name": "my_rg",
      "provider": "provider[\"registry.terraform.io/hashicorp/azurerm\"]",
      "instances": [
        {
          "schema_version": 0,
          "attributes": {
            "id": "/subscriptions/b56ee54e-875d-44a4-a2d6-35888803e9e2/resourceGroups/dev301",
            "location": "centralindia",
            "name": "dev301",
            "tags": null,
            "timeouts": null
          },
          "sensitive_attributes": [],
          "private": "eyJlMmJmYjczMC1lY2FhLTExZTYtOGY4OC0zNDM2M2JjN2M0YzAiOnsiY3JlYXRlIjo1NDAwMDAwMDAwMDAwLCJkZWxldGUiOjU0MDAwMDAwMDAwMDAsInJlYWQiOjMwMDAwMDAwMDAwMCwidXBkYXRlIjo1NDAwMDAwMDAwMDAwfX0="
        }
      ]
    },
    {
      "module": "module.net",
      "mode": "managed",
      "type": "azurerm_subnet",
      "name": "my_vpc_subnet",
      "provider": "provider[\"registry.terraform.io/hashicorp/azurerm\"]",
      "instances": [
        {
          "schema_version": 0,
          "attributes": {
            "address_prefix": "192.168.1.0/24",
            "address_prefixes": [
              "192.168.1.0/24"
            ],
            "delegation": [],
            "enforce_private_link_endpoint_network_policies": false,
            "enforce_private_link_service_network_policies": false,
            "id": "/subscriptions/b56ee54e-875d-44a4-a2d6-35888803e9e2/resourceGroups/dev301/providers/Microsoft.Network/virtualNetworks/dev301_vpc/subnets/dev301_subnet",
            "name": "dev301_subnet",
            "resource_group_name": "dev301",
            "service_endpoint_policy_ids": null,
            "service_endpoints": null,
            "timeouts": null,
            "virtual_network_name": "dev301_vpc"
          },
          "sensitive_attributes": [],
          "private": "eyJlMmJmYjczMC1lY2FhLTExZTYtOGY4OC0zNDM2M2JjN2M0YzAiOnsiY3JlYXRlIjoxODAwMDAwMDAwMDAwLCJkZWxldGUiOjE4MDAwMDAwMDAwMDAsInJlYWQiOjMwMDAwMDAwMDAwMCwidXBkYXRlIjoxODAwMDAwMDAwMDAwfX0=",
          "dependencies": [
            "module.net.azurerm_resource_group.my_rg",
            "module.net.azurerm_virtual_network.my_vpc"
          ]
        }
      ]
    },
    {
      "module": "module.net",
      "mode": "managed",
      "type": "azurerm_virtual_network",
      "name": "my_vpc",
      "provider": "provider[\"registry.terraform.io/hashicorp/azurerm\"]",
      "instances": [
        {
          "schema_version": 0,
          "attributes": {
            "address_space": [
              "192.168.0.0/16"
            ],
            "bgp_community": "",
            "ddos_protection_plan": [],
            "dns_servers": null,
            "guid": "a17dcb18-385b-49ee-b4a9-b3fcdf59334d",
            "id": "/subscriptions/b56ee54e-875d-44a4-a2d6-35888803e9e2/resourceGroups/dev301/providers/Microsoft.Network/virtualNetworks/dev301_vpc",
            "location": "centralindia",
            "name": "dev301_vpc",
            "resource_group_name": "dev301",
            "subnet": [],
            "tags": null,
            "timeouts": null,
            "vm_protection_enabled": false
          },
          "sensitive_attributes": [],
          "private": "eyJlMmJmYjczMC1lY2FhLTExZTYtOGY4OC0zNDM2M2JjN2M0YzAiOnsiY3JlYXRlIjoxODAwMDAwMDAwMDAwLCJkZWxldGUiOjE4MDAwMDAwMDAwMDAsInJlYWQiOjMwMDAwMDAwMDAwMCwidXBkYXRlIjoxODAwMDAwMDAwMDAwfX0=",
          "dependencies": [
            "module.net.azurerm_resource_group.my_rg"
          ]
        }
      ]
    }
  ]
}
